Microsoft Visual Studio Solution File, Format Version 12.00
# Visual Studio Version 17
VisualStudioVersion = 17.5.2.0
MinimumVisualStudioVersion = 10.0.40219.1
Project("{FAE04EC0-301F-11D3-BF4B-00C04F79EFBC}") = "JsonEditor", "JsonEditor.csproj", "{2284F7DA-9052-3326-AAEA-62B7332FC7C0}"
EndProject
Global
	GlobalSection(SolutionConfigurationPlatforms) = preSolution
		Debug|Any CPU = Debug|Any CPU
		Release|Any CPU = Release|Any CPU
	EndGlobalSection
	GlobalSection(ProjectConfigurationPlatforms) = postSolution
		{2284F7DA-9052-3326-AAEA-62B7332FC7C0}.Debug|Any CPU.ActiveCfg = Debug|Any CPU
		{2284F7DA-9052-3326-AAEA-62B7332FC7C0}.Debug|Any CPU.Build.0 = Debug|Any CPU
		{2284F7DA-9052-3326-AAEA-62B7332FC7C0}.Release|Any CPU.ActiveCfg = Release|Any CPU
		{2284F7DA-9052-3326-AAEA-62B7332FC7C0}.Release|Any CPU.Build.0 = Release|Any CPU
	EndGlobalSection
	GlobalSection(SolutionProperties) = preSolution
		HideSolutionNode = FALSE
	EndGlobalSection
	GlobalSection(ExtensibilityGlobals) = postSolution
		SolutionGuid = {57BA0134-1453-4B3D-B282-CAE649981707}
	EndGlobalSection
EndGlobal
